
Microsoft Visual Studio Solution File, Format Version 12.00
# Visual Studio Version 17
VisualStudioVersion = 17.3.32804.467
MinimumVisualStudioVersion = 10.0.40219.1
Project("{FAE04EC0-301F-11D3-BF4B-00C04F79EFBC}") = "LinQEntityFramework1", "LinQEntityFramework1\LinQEntityFramework1.csproj", "{A0FA11A3-1043-4047-8ABE-DA7D36410C01}"
EndProject
Global
	GlobalSection(SolutionConfigurationPlatforms) = preSolution
		Debug|Any CPU = Debug|Any CPU
		Release|Any CPU = Release|Any CPU
	EndGlobalSection
	GlobalSection(ProjectConfigurationPlatforms) = postSolution
		{A0FA11A3-1043-4047-8ABE-DA7D36410C01}.Debug|Any CPU.ActiveCfg = Debug|Any CPU
		{A0FA11A3-1043-4047-8ABE-DA7D36410C01}.Debug|Any CPU.Build.0 = Debug|Any CPU
		{A0FA11A3-1043-4047-8ABE-DA7D36410C01}.Release|Any CPU.ActiveCfg = Release|Any CPU
		{A0FA11A3-1043-4047-8ABE-DA7D36410C01}.Release|Any CPU.Build.0 = Release|Any CPU
	EndGlobalSection
	GlobalSection(SolutionProperties) = preSolution
		HideSolutionNode = FALSE
	EndGlobalSection
	GlobalSection(ExtensibilityGlobals) = postSolution
		SolutionGuid = {60782FC6-604D-44C0-BEB6-9CB482BD5963}
	EndGlobalSection
EndGlobal
