
Microsoft Visual Studio Solution File, Format Version 12.00
# Visual Studio Version 16
VisualStudioVersion = 16.0.32602.291
MinimumVisualStudioVersion = 10.0.40219.1
Project("{FAE04EC0-301F-11D3-BF4B-00C04F79EFBC}") = "Nortwind_API", "Nortwind_API\Nortwind_API.csproj", "{C8CBE46D-0442-4D74-85E6-36CDD3B3FD30}"
EndProject
Global
	GlobalSection(SolutionConfigurationPlatforms) = preSolution
		Debug|Any CPU = Debug|Any CPU
		Release|Any CPU = Release|Any CPU
	EndGlobalSection
	GlobalSection(ProjectConfigurationPlatforms) = postSolution
		{C8CBE46D-0442-4D74-85E6-36CDD3B3FD30}.Debug|Any CPU.ActiveCfg = Debug|Any CPU
		{C8CBE46D-0442-4D74-85E6-36CDD3B3FD30}.Debug|Any CPU.Build.0 = Debug|Any CPU
		{C8CBE46D-0442-4D74-85E6-36CDD3B3FD30}.Release|Any CPU.ActiveCfg = Release|Any CPU
		{C8CBE46D-0442-4D74-85E6-36CDD3B3FD30}.Release|Any CPU.Build.0 = Release|Any CPU
	EndGlobalSection
	GlobalSection(SolutionProperties) = preSolution
		HideSolutionNode = FALSE
	EndGlobalSection
	GlobalSection(ExtensibilityGlobals) = postSolution
		SolutionGuid = {ACBEF013-669D-46BF-887B-61798CE6C9E5}
	EndGlobalSection
EndGlobal
